
Microsoft Visual Studio Solution File, Format Version 12.00
# Visual Studio Version 16
VisualStudioVersion = 16.0.29613.14
MinimumVisualStudioVersion = 10.0.40219.1
Project("{FAE04EC0-301F-11D3-BF4B-00C04F79EFBC}") = "SQL Test", "SQL Test\SQL Test.csproj", "{4BC061D9-310B-47B9-AAEF-031EF9CA4265}"
EndProject
Global
	GlobalSection(SolutionConfigurationPlatforms) = preSolution
		Debug|Any CPU = Debug|Any CPU
		Release|Any CPU = Release|Any CPU
	EndGlobalSection
	GlobalSection(ProjectConfigurationPlatforms) = postSolution
		{4BC061D9-310B-47B9-AAEF-031EF9CA4265}.Debug|Any CPU.ActiveCfg = Debug|Any CPU
		{4BC061D9-310B-47B9-AAEF-031EF9CA4265}.Debug|Any CPU.Build.0 = Debug|Any CPU
		{4BC061D9-310B-47B9-AAEF-031EF9CA4265}.Release|Any CPU.ActiveCfg = Release|Any CPU
		{4BC061D9-310B-47B9-AAEF-031EF9CA4265}.Release|Any CPU.Build.0 = Release|Any CPU
	EndGlobalSection
	GlobalSection(SolutionProperties) = preSolution
		HideSolutionNode = FALSE
	EndGlobalSection
	GlobalSection(ExtensibilityGlobals) = postSolution
		SolutionGuid = {004EE638-4AEA-47D6-AFFC-AAFCE4AF791F}
	EndGlobalSection
EndGlobal
